// !$*UTF8*$!
{
	archiveVersion = 1;
	classes = {
	};
	objectVersion = 50;
	objects = {

/* Begin PBXBuildFile section */
		1618E67C243D401A00961839 /* AppDelegate.swift in Sources */ = {isa = PBXBuildFile; fileRef = 1618E67B243D401A00961839 /* AppDelegate.swift */; };
		1618E680243D401A00961839 /* ViewController.swift in Sources */ = {isa = PBXBuildFile; fileRef = 1618E67F243D401A00961839 /* ViewController.swift */; };
		1618E683243D401A00961839 /* Main.storyboard in Resources */ = {isa = PBXBuildFile; fileRef = 1618E681243D401A00961839 /* Main.storyboard */; };
		1618E685243D401B00961839 /* Assets.xcassets in Resources */ = {isa = PBXBuildFile; fileRef = 1618E684243D401B00961839 /* Assets.xcassets */; };
		1618E688243D401B00961839 /* LaunchScreen.storyboard in Resources */ = {isa = PBXBuildFile; fileRef = 1618E686243D401B00961839 /* LaunchScreen.storyboard */; };
		1618E690243D408C00961839 /* DrawView.swift in Sources */ = {isa = PBXBuildFile; fileRef = 1618E68F243D408C00961839 /* DrawView.swift */; };
		16DED67924417A83001621AF /* ColorPickerView.swift in Sources */ = {isa = PBXBuildFile; fileRef = 16DED67824417A83001621AF /* ColorPickerView.swift */; };
		D318130129ECB8230030C56D /* SceneDelegate.swift in Sources */ = {isa = PBXBuildFile; fileRef = D318130029ECB8230030C56D /* SceneDelegate.swift */; };
/* End PBXBuildFile section */

/* Begin PBXFileReference section */
		1618E678243D401A00961839 /* KidsDraw.app */ = {isa = PBXFileReference; explicitFileType = wrapper.application; includeInIndex = 0; path = KidsDraw.app; sourceTree = BUILT_PRODUCTS_DIR; };
		1618E67B243D401A00961839 /* AppDelegate.swift */ = {isa = PBXFileReference; lastKnownFileType = sourcecode.swift; path = AppDelegate.swift; sourceTree = "<group>"; };
		1618E67F243D401A00961839 /* ViewController.swift */ = {isa = PBXFileReference; lastKnownFileType = sourcecode.swift; path = ViewController.swift; sourceTree = "<group>"; };
		1618E682243D401A00961839 /* Base */ = {isa = PBXFileReference; lastKnownFileType = file.storyboard; name = Base; path = Base.lproj/Main.storyboard; sourceTree = "<group>"; };
		1618E684243D401B00961839 /* Assets.xcassets */ = {isa = PBXFileReference; lastKnownFileType = folder.assetcatalog; path = Assets.xcassets; sourceTree = "<group>"; };
		1618E687243D401B00961839 /* Base */ = {isa = PBXFileReference; lastKnownFileType = file.storyboard; name = Base; path = Base.lproj/LaunchScreen.storyboard; sourceTree = "<group>"; };
		1618E689243D401B00961839 /* Info.plist */ = {isa = PBXFileReference; lastKnownFileType = text.plist.xml; path = Info.plist; sourceTree = "<group>"; };
		1618E68F243D408C00961839 /* DrawView.swift */ = {isa = PBXFileReference; lastKnownFileType = sourcecode.swift; path = DrawView.swift; sourceTree = "<group>"; };
		16DED67824417A83001621AF /* ColorPickerView.swift */ = {isa = PBXFileReference; lastKnownFileType = sourcecode.swift; path = ColorPickerView.swift; sourceTree = "<group>"; };
		D318130029ECB8230030C56D /* SceneDelegate.swift */ = {isa = PBXFileReference; lastKnownFileType = sourcecode.swift; path = SceneDelegate.swift; sourceTree = "<group>"; };
/* End PBXFileReference section */

/* Begin PBXFrameworksBuildPhase section */
		1618E675243D401A00961839 /* Frameworks */ = {
			isa = PBXFrameworksBuildPhase;
			buildActionMask = 2147483647;
			files = (
			);
			runOnlyForDeploymentPostprocessing = 0;
		};
/* End PBXFrameworksBuildPhase section */

/* Begin PBXGroup section */
		1618E66F243D401A00961839 = {
			isa = PBXGroup;
			children = (
				1618E67A243D401A00961839 /* KidsDraw */,
				1618E679243D401A00961839 /* Products */,
			);
			sourceTree = "<group>";
		};
		1618E679243D401A00961839 /* Products */ = {
			isa = PBXGroup;
			children = (
				1618E678243D401A00961839 /* KidsDraw.app */,
			);
			name = Products;
			sourceTree = "<group>";
		};
		1618E67A243D401A00961839 /* KidsDraw */ = {
			isa = PBXGroup;
			children = (
				16DED67724417A61001621AF /* Application */,
				16DED67A24417BFB001621AF /* Draw Classes */,
				1618E681243D401A00961839 /* Main.storyboard */,
				1618E67F243D401A00961839 /* ViewController.swift */,
			);
			path = KidsDraw;
			sourceTree = "<group>";
		};
		16DED67724417A61001621AF /* Application */ = {
			isa = PBXGroup;
			children = (
				1618E689243D401B00961839 /* Info.plist */,
				1618E684243D401B00961839 /* Assets.xcassets */,
				1618E67B243D401A00961839 /* AppDelegate.swift */,
				D318130029ECB8230030C56D /* SceneDelegate.swift */,
				1618E686243D401B00961839 /* LaunchScreen.storyboard */,
			);
			path = Application;
			sourceTree = "<group>";
		};
		16DED67A24417BFB001621AF /* Draw Classes */ = {
			isa = PBXGroup;
			children = (
				1618E68F243D408C00961839 /* DrawView.swift */,
				16DED67824417A83001621AF /* ColorPickerView.swift */,
			);
			path = "Draw Classes";
			sourceTree = "<group>";
		};
/* End PBXGroup section */

/* Begin PBXNativeTarget section */
		1618E677243D401A00961839 /* KidsDraw */ = {
			isa = PBXNativeTarget;
			buildConfigurationList = 1618E68C243D401B00961839 /* Build configuration list for PBXNativeTarget "KidsDraw" */;
			buildPhases = (
				1618E674243D401A00961839 /* Sources */,
				1618E675243D401A00961839 /* Frameworks */,
				1618E676243D401A00961839 /* Resources */,
			);
			buildRules = (
			);
			dependencies = (
			);
			name = KidsDraw;
			productName = DrawIt;
			productReference = 1618E678243D401A00961839 /* KidsDraw.app */;
			productType = "com.apple.product-type.application";
		};
/* End PBXNativeTarget section */

/* Begin PBXProject section */
		1618E670243D401A00961839 /* Project object */ = {
			isa = PBXProject;
			attributes = {
				LastSwiftUpdateCheck = 1140;
				LastUpgradeCheck = 1420;
				ORGANIZATIONNAME = "Alberto Lourenco";
				TargetAttributes = {
					1618E677243D401A00961839 = {
						CreatedOnToolsVersion = 11.4;
					};
				};
			};
			buildConfigurationList = 1618E673243D401A00961839 /* Build configuration list for PBXProject "KidsDraw" */;
			compatibilityVersion = "Xcode 9.3";
			developmentRegion = en;
			hasScannedForEncodings = 0;
			knownRegions = (
				en,
				Base,
			);
			mainGroup = 1618E66F243D401A00961839;
			productRefGroup = 1618E679243D401A00961839 /* Products */;
			projectDirPath = "";
			projectRoot = "";
			targets = (
				1618E677243D401A00961839 /* KidsDraw */,
			);
		};
/* End PBXProject section */

/* Begin PBXResourcesBuildPhase section */
		1618E676243D401A00961839 /* Resources */ = {
			isa = PBXResourcesBuildPhase;
			buildActionMask = 2147483647;
			files = (
				1618E688243D401B00961839 /* LaunchScreen.storyboard in Resources */,
				1618E685243D401B00961839 /* Assets.xcassets in Resources */,
				1618E683243D401A00961839 /* Main.storyboard in Resources */,
			);
			runOnlyForDeploymentPostprocessing = 0;
		};
/* End PBXResourcesBuildPhase section */

/* Begin PBXSourcesBuildPhase section */
		1618E674243D401A00961839 /* Sources */ = {
			isa = PBXSourcesBuildPhase;
			buildActionMask = 2147483647;
			files = (
				D318130129ECB8230030C56D /* SceneDelegate.swift in Sources */,
				1618E680243D401A00961839 /* ViewController.swift in Sources */,
				1618E67C243D401A00961839 /* AppDelegate.swift in Sources */,
				1618E690243D408C00961839 /* DrawView.swift in Sources */,
				16DED67924417A83001621AF /* ColorPickerView.swift in Sources */,
			);
			runOnlyForDeploymentPostprocessing = 0;
		};
/* End PBXSourcesBuildPhase section */

/* Begin PBXVariantGroup section */
		1618E681243D401A00961839 /* Main.storyboard */ = {
			isa = PBXVariantGroup;
			children = (
				1618E682243D401A00961839 /* Base */,
			);
			name = Main.storyboard;
			sourceTree = "<group>";
		};
		1618E686243D401B00961839 /* LaunchScreen.storyboard */ = {
			isa = PBXVariantGroup;
			children = (
				1618E687243D401B00961839 /* Base */,
			);
			name = LaunchScreen.storyboard;
			sourceTree = "<group>";
		};
/* End PBXVariantGroup section */

/* Begin XCBuildConfiguration section */
		1618E68A243D401B00961839 /* Debug */ = {
			isa = XCBuildConfiguration;
			buildSettings = {
				ALWAYS_SEARCH_USER_PATHS = NO;
				CLANG_ANALYZER_NONNULL = YES;
				CLANG_ANALYZER_NUMBER_OBJECT_CONVERSION = YES_AGGRESSIVE;
				CLANG_CXX_LANGUAGE_STANDARD = "gnu++14";
				CLANG_CXX_LIBRARY = "libc++";
				CLANG_ENABLE_MODULES = YES;
				CLANG_ENABLE_OBJC_ARC = YES;
				CLANG_ENABLE_OBJC_WEAK = YES;
				CLANG_WARN_BLOCK_CAPTURE_AUTORELEASING = YES;
				CLANG_WARN_BOOL_CONVERSION = YES;
				CLANG_WARN_COMMA = YES;
				CLANG_WARN_CONSTANT_CONVERSION = YES;
				CLANG_WARN_DEPRECATED_OBJC_IMPLEMENTATIONS = YES;
				CLANG_WARN_DIRECT_OBJC_ISA_USAGE = YES_ERROR;
				CLANG_WARN_DOCUMENTATION_COMMENTS = YES;
				CLANG_WARN_EMPTY_BODY = YES;
				CLANG_WARN_ENUM_CONVERSION = YES;
				CLANG_WARN_INFINITE_RECURSION = YES;
				CLANG_WARN_INT_CONVERSION = YES;
				CLANG_WARN_NON_LITERAL_NULL_CONVERSION = YES;
				CLANG_WARN_OBJC_IMPLICIT_RETAIN_SELF = YES;
				CLANG_WARN_OBJC_LITERAL_CONVERSION = YES;
				CLANG_WARN_OBJC_ROOT_CLASS = YES_ERROR;
				CLANG_WARN_QUOTED_INCLUDE_IN_FRAMEWORK_HEADER = YES;
				CLANG_WARN_RANGE_LOOP_ANALYSIS = YES;
				CLANG_WARN_STRICT_PROTOTYPES = YES;
				CLANG_WARN_SUSPICIOUS_MOVE = YES;
				CLANG_WARN_UNGUARDED_AVAILABILITY = YES_AGGRESSIVE;
				CLANG_WARN_UNREACHABLE_CODE = YES;
				CLANG_WARN__DUPLICATE_METHOD_MATCH = YES;
				COPY_PHASE_STRIP = NO;
				DEBUG_INFORMATION_FORMAT = dwarf;
				ENABLE_STRICT_OBJC_MSGSEND = YES;
				ENABLE_TESTABILITY = YES;
				GCC_C_LANGUAGE_STANDARD = gnu11;
				GCC_DYNAMIC_NO_PIC = NO;
				GCC_NO_COMMON_BLOCKS = YES;
				GCC_OPTIMIZATION_LEVEL = 0;
				GCC_PREPROCESSOR_DEFINITIONS = (
					"DEBUG=1",
					"$(inherited)",
				);
				GCC_WARN_64_TO_32_BIT_CONVERSION = YES;
				GCC_WARN_ABOUT_RETURN_TYPE = YES_ERROR;
				GCC_WARN_UNDECLARED_SELECTOR = YES;
				GCC_WARN_UNINITIALIZED_AUTOS = YES_AGGRESSIVE;
				GCC_WARN_UNUSED_FUNCTION = YES;
				GCC_WARN_UNUSED_VARIABLE = YES;
				IPHONEOS_DEPLOYMENT_TARGET = 13.4;
				MTL_ENABLE_DEBUG_INFO = INCLUDE_SOURCE;
				MTL_FAST_MATH = YES;
				ONLY_ACTIVE_ARCH = YES;
				SDKROOT = iphoneos;
				SWIFT_ACTIVE_COMPILATION_CONDITIONS = DEBUG;
				SWIFT_OPTIMIZATION_LEVEL = "-Onone";
			};
			name = Debug;
		};
		1618E68B243D401B00961839 /* Release */ = {
			isa = XCBuildConfiguration;
			buildSettings = {
				ALWAYS_SEARCH_USER_PATHS = NO;
				CLANG_ANALYZER_NONNULL = YES;
				CLANG_ANALYZER_NUMBER_OBJECT_CONVERSION = YES_AGGRESSIVE;
				CLANG_CXX_LANGUAGE_STANDARD = "gnu++14";
				CLANG_CXX_LIBRARY = "libc++";
				CLANG_ENABLE_MODULES = YES;
				CLANG_ENABLE_OBJC_ARC = YES;
				CLANG_ENABLE_OBJC_WEAK = YES;
				CLANG_WARN_BLOCK_CAPTURE_AUTORELEASING = YES;
				CLANG_WARN_BOOL_CONVERSION = YES;
				CLANG_WARN_COMMA = YES;
				CLANG_WARN_CONSTANT_CONVERSION = YES;
				CLANG_WARN_DEPRECATED_OBJC_IMPLEMENTATIONS = YES;
				CLANG_WARN_DIRECT_OBJC_ISA_USAGE = YES_ERROR;
				CLANG_WARN_DOCUMENTATION_COMMENTS = YES;
				CLANG_WARN_EMPTY_BODY = YES;
				CLANG_WARN_ENUM_CONVERSION = YES;
				CLANG_WARN_INFINITE_RECURSION = YES;
				CLANG_WARN_INT_CONVERSION = YES;
				CLANG_WARN_NON_LITERAL_NULL_CONVERSION = YES;
				CLANG_WARN_OBJC_IMPLICIT_RETAIN_SELF = YES;
				CLANG_WARN_OBJC_LITERAL_CONVERSION = YES;
				CLANG_WARN_OBJC_ROOT_CLASS = YES_ERROR;
				CLANG_WARN_QUOTED_INCLUDE_IN_FRAMEWORK_HEADER = YES;
				CLANG_WARN_RANGE_LOOP_ANALYSIS = YES;
				CLANG_WARN_STRICT_PROTOTYPES = YES;
				CLANG_WARN_SUSPICIOUS_MOVE = YES;
				CLANG_WARN_UNGUARDED_AVAILABILITY = YES_AGGRESSIVE;
				CLANG_WARN_UNREACHABLE_CODE = YES;
				CLANG_WARN__DUPLICATE_METHOD_MATCH = YES;
				COPY_PHASE_STRIP = NO;
				DEBUG_INFORMATION_FORMAT = "dwarf-with-dsym";
				ENABLE_NS_ASSERTIONS = NO;
				ENABLE_STRICT_OBJC_MSGSEND = YES;
				GCC_C_LANGUAGE_STANDARD = gnu11;
				GCC_NO_COMMON_BLOCKS = YES;
				GCC_WARN_64_TO_32_BIT_CONVERSION = YES;
				GCC_WARN_ABOUT_RETURN_TYPE = YES_ERROR;
				GCC_WARN_UNDECLARED_SELECTOR = YES;
				GCC_WARN_UNINITIALIZED_AUTOS = YES_AGGRESSIVE;
				GCC_WARN_UNUSED_FUNCTION = YES;
				GCC_WARN_UNUSED_VARIABLE = YES;
				IPHONEOS_DEPLOYMENT_TARGET = 13.4;
				MTL_ENABLE_DEBUG_INFO = NO;
				MTL_FAST_MATH = YES;
				SDKROOT = iphoneos;
				SWIFT_COMPILATION_MODE = wholemodule;
				SWIFT_OPTIMIZATION_LEVEL = "-O";
				VALIDATE_PRODUCT = YES;
			};
			name = Release;
		};
		1618E68D243D401B00961839 /* Debug */ = {
			isa = XCBuildConfiguration;
			buildSettings = {
				ASSETCATALOG_COMPILER_APPICON_NAME = AppIcon;
				CODE_SIGN_STYLE = Automatic;
				CURRENT_PROJECT_VERSION = 1;
				DEVELOPMENT_TEAM = 8G88K2N9TE;
				INFOPLIST_FILE = KidsDraw/Application/Info.plist;
				INFOPLIST_KEY_CFBundleDisplayName = KidsDraw;
				INFOPLIST_KEY_LSApplicationCategoryType = "public.app-category.entertainment";
				INFOPLIST_KEY_UIApplicationSceneManifest_Generation = NO;
				IPHONEOS_DEPLOYMENT_TARGET = 13.0;
				LD_RUNPATH_SEARCH_PATHS = (
					"$(inherited)",
					"@executable_path/Frameworks",
				);
				MARKETING_VERSION = 1.0.0;
				PRODUCT_BUNDLE_IDENTIFIER = br.com.albertoLourenco.KidsDraw;
				PRODUCT_NAME = "$(TARGET_NAME)";
				SWIFT_VERSION = 5.0;
				TARGETED_DEVICE_FAMILY = 1;
			};
			name = Debug;
		};
		1618E68E243D401B00961839 /* Release */ = {
			isa = XCBuildConfiguration;
			buildSettings = {
				ASSETCATALOG_COMPILER_APPICON_NAME = AppIcon;
				CODE_SIGN_STYLE = Automatic;
				CURRENT_PROJECT_VERSION = 1;
				DEVELOPMENT_TEAM = 8G88K2N9TE;
				INFOPLIST_FILE = KidsDraw/Application/Info.plist;
				INFOPLIST_KEY_CFBundleDisplayName = KidsDraw;
				INFOPLIST_KEY_LSApplicationCategoryType = "public.app-category.entertainment";
				INFOPLIST_KEY_UIApplicationSceneManifest_Generation = NO;
				IPHONEOS_DEPLOYMENT_TARGET = 13.0;
				LD_RUNPATH_SEARCH_PATHS = (
					"$(inherited)",
					"@executable_path/Frameworks",
				);
				MARKETING_VERSION = 1.0.0;
				PRODUCT_BUNDLE_IDENTIFIER = br.com.albertoLourenco.KidsDraw;
				PRODUCT_NAME = "$(TARGET_NAME)";
				SWIFT_VERSION = 5.0;
				TARGETED_DEVICE_FAMILY = 1;
			};
			name = Release;
		};
/* End XCBuildConfiguration section */

/* Begin XCConfigurationList section */
		1618E673243D401A00961839 /* Build configuration list for PBXProject "KidsDraw" */ = {
			isa = XCConfigurationList;
			buildConfigurations = (
				1618E68A243D401B00961839 /* Debug */,
				1618E68B243D401B00961839 /* Release */,
			);
			defaultConfigurationIsVisible = 0;
			defaultConfigurationName = Release;
		};
		1618E68C243D401B00961839 /* Build configuration list for PBXNativeTarget "KidsDraw" */ = {
			isa = XCConfigurationList;
			buildConfigurations = (
				1618E68D243D401B00961839 /* Debug */,
				1618E68E243D401B00961839 /* Release */,
			);
			defaultConfigurationIsVisible = 0;
			defaultConfigurationName = Release;
		};
/* End XCConfigurationList section */
	};
	rootObject = 1618E670243D401A00961839 /* Project object */;
}
